
Microsoft Visual Studio Solution File, Format Version 12.00
# Visual Studio Version 17
VisualStudioVersion = 17.1.32421.90
MinimumVisualStudioVersion = 10.0.40219.1
Project("{9A19103F-16F7-4668-BE54-9A1E7A4F7556}") = "JwtServices", "server\JwtServices\JwtServices.csproj", "{98400BF6-A4D1-4B79-BCB2-1C304C648E1A}"
EndProject
Project("{9A19103F-16F7-4668-BE54-9A1E7A4F7556}") = "MoralisDemo", "server\MoralisDemo\MoralisDemo.csproj", "{23EB8093-7E53-495D-A703-00D3D89BDF70}"
EndProject
Global
	GlobalSection(SolutionConfigurationPlatforms) = preSolution
		Debug|Any CPU = Debug|Any CPU
		Release|Any CPU = Release|Any CPU
	EndGlobalSection
	GlobalSection(ProjectConfigurationPlatforms) = postSolution
		{98400BF6-A4D1-4B79-BCB2-1C304C648E1A}.Debug|Any CPU.ActiveCfg = Debug|Any CPU
		{98400BF6-A4D1-4B79-BCB2-1C304C648E1A}.Debug|Any CPU.Build.0 = Debug|Any CPU
		{98400BF6-A4D1-4B79-BCB2-1C304C648E1A}.Release|Any CPU.ActiveCfg = Release|Any CPU
		{98400BF6-A4D1-4B79-BCB2-1C304C648E1A}.Release|Any CPU.Build.0 = Release|Any CPU
		{23EB8093-7E53-495D-A703-00D3D89BDF70}.Debug|Any CPU.ActiveCfg = Debug|Any CPU
		{23EB8093-7E53-495D-A703-00D3D89BDF70}.Debug|Any CPU.Build.0 = Debug|Any CPU
		{23EB8093-7E53-495D-A703-00D3D89BDF70}.Release|Any CPU.ActiveCfg = Release|Any CPU
		{23EB8093-7E53-495D-A703-00D3D89BDF70}.Release|Any CPU.Build.0 = Release|Any CPU
	EndGlobalSection
	GlobalSection(SolutionProperties) = preSolution
		HideSolutionNode = FALSE
	EndGlobalSection
	GlobalSection(ExtensibilityGlobals) = postSolution
		SolutionGuid = {00BBB2EE-2D28-45D2-BA37-B3362E613881}
	EndGlobalSection
EndGlobal
